# THIS IS AN AUTOGENERATED FILE. DO NOT EDIT THIS FILE DIRECTLY.
# yarn lockfile v1


"@dreamworld/dw-form@^1.0.1":
  version "1.0.2"
  resolved "https://registry.yarnpkg.com/@dreamworld/dw-form/-/dw-form-1.0.2.tgz#0e444c169d13d641605acf6005cde836a7b253a3"
  integrity sha512-Z9AMB5hjB9qi7TlHlIBwa0lGbWsbrGj43pGmZJtV8TrzCD6u2yea1adRbmf+266/bbgCa+jpScz6sFopBXEdqg==
  dependencies:
    "@material/mwc-formfield" "^0.6.0"
    lit-element "^2.0.1"

"@dreamworld/dw-icon-button@^1.1.0":
  version "1.2.0"
  resolved "https://registry.yarnpkg.com/@dreamworld/dw-icon-button/-/dw-icon-button-1.2.0.tgz#0a36b5f8006d29cc47cc516fac8c724b53000d08"
  integrity sha512-zfApjMIcX80NDVpsZyACiXDX7/r2W4800Jp6fsjMYmtqjCB9+nH+SaJlKdwdzFPxI88aRtcWDStSYy9LeeFRMQ==
  dependencies:
    "@dreamworld/dw-icon" "^1.0.0"
    "@dreamworld/dw-ripple" "^1.0.0"
    "@dreamworld/flex-layout" "^1.0.0"
    "@dreamworld/pwa-helpers" "^1.0.0"
    "@dreamworld/web-util" "^1.2.0"
    lit-element "^2.2.0"

"@dreamworld/dw-icon@^1.0.0":
  version "1.1.0"
  resolved "https://registry.yarnpkg.com/@dreamworld/dw-icon/-/dw-icon-1.1.0.tgz#98e122d97f1d56c52d7cef3b2dc319a169581c01"
  integrity sha512-BhUfYx0YYI+tsnj34QAL0ljX/s0YiNfDXhEF8VGbAYVgq/qZXFjuNfkn1SEGGWLfix2RwqOFYYhoJrrBHiwc5g==
  dependencies:
    "@material/mwc-icon" "^0.6.0"
    lit-element "^2.2.0"

"@dreamworld/dw-ripple@^1.0.0":
  version "1.1.0"
  resolved "https://registry.yarnpkg.com/@dreamworld/dw-ripple/-/dw-ripple-1.1.0.tgz#d05c260611a45ffd68a970fd9de061fc4d325208"
  integrity sha512-MfQ4eoIW3fFrpCtsgrvMOEFUQVQ917BBg7TvJ7umton3QlZ1nWiP4LagnXU/4fclnqkla61E/AX0KK2jO6OM2w==
  dependencies:
    "@material/mwc-ripple" "^0.7.1"
    lit-element "^2.2.0"

"@dreamworld/flex-layout@^1.0.0":
  version "1.1.0"
  resolved "https://registry.yarnpkg.com/@dreamworld/flex-layout/-/flex-layout-1.1.0.tgz#5226c26107edcfbfffac48de57adb5c2e13e18f0"
  integrity sha512-0pojXcWirsDahr7qZseL59fJtiRDgkrKZmoo61vCAO+Zn9v8t1Vd7VygASGM7MNjJlqDBjrxaIXueEL40bfQMw==
  dependencies:
    lit-element "^2.1.0"

"@dreamworld/material-styles@^1.1.0":
  version "1.1.2"
  resolved "https://registry.yarnpkg.com/@dreamworld/material-styles/-/material-styles-1.1.2.tgz#d3df725a3c623f6ede24f39c0cab8cc2961f6192"
  integrity sha512-tpYbnTADSyYai5vAL+qcF+hFhoQLBHK2JPxaeOjmwie2nn91a7QTTrQFAc919AIbh8g4R1EoohTF6Nr87SiLrw==
  dependencies:
    "@polymer/font-roboto" "^3.0.2"
    lit-element "^2.2.0"

"@dreamworld/pwa-helpers@^1.0.0":
  version "1.0.0"
  resolved "https://registry.yarnpkg.com/@dreamworld/pwa-helpers/-/pwa-helpers-1.0.0.tgz#ffe9caf9fa66467321b182de6a01b72a158eb0ab"
  integrity sha512-LwWMLe+jjRdGh/It/srapQ7F0XcF3Flz5g9ILX02GTrQC93yqS3Sr3gZv/ElZn+r5cif61p8G5Gwd50j28XQlQ==
  dependencies:
    bowser "^2.8.1"

"@dreamworld/web-util@^1.2.0":
  version "1.2.0"
  resolved "https://registry.yarnpkg.com/@dreamworld/web-util/-/web-util-1.2.0.tgz#b059a944185b77e6871e0f81cd5a9d48735a0243"
  integrity sha512-iiP8i+rANyZ1PlzIiaynWatzcD2e6vuXNqOJFKi7pn8REUEEDORRJWl8wdQBcoUFjkdMfv8Me6whWz1FpFFy5Q==

"@material/animation@3.1.0", "@material/animation@^1.0.0", "@material/animation@^3.1.0":
  version "3.1.0"
  resolved "https://registry.yarnpkg.com/@material/animation/-/animation-3.1.0.tgz#ab04e7c2e92ab370a2b28d12af1b88538d23014f"
  integrity sha512-ZfP95awrPBLhpaCTPNx+xKYPp2D88fzf5p5YNVp6diUAGRpq3g12Aq7qJfIHDXAFo5CtrYhgOKRqIKxUVcFisQ==
  dependencies:
    tslib "^1.9.3"

"@material/base@3.1.0", "@material/base@^1.0.0", "@material/base@^3.0.0", "@material/base@^3.1.0":
  version "3.1.0"
  resolved "https://registry.yarnpkg.com/@material/base/-/base-3.1.0.tgz#ab933896ab6390d4e1d2f9797b74a90f47db272a"
  integrity sha512-pWEBHyPrMV3rdnjqWWH96h5t3MxQI6V1J9jOor+UBG7bXQtr6InTabTqhz5CLY7r+qZU8YvNh2OKIy8heP0cyQ==
  dependencies:
    tslib "^1.9.3"

"@material/dom@3.1.0", "@material/dom@^1.1.0", "@material/dom@^3.1.0":
  version "3.1.0"
  resolved "https://registry.yarnpkg.com/@material/dom/-/dom-3.1.0.tgz#1e58cad0cd5e1d9d6f6cb07422e327ad34a9d405"
  integrity sha512-RtBLSkrBjMfHwknaGBifAIC8cBWF9pXjz2IYqfI2braB6SfQI4vhdJviwyiA5BmA/psn3cKpBUZbHI0ym0O0SQ==
  dependencies:
    tslib "^1.9.3"

"@material/feature-targeting@3.1.0", "@material/feature-targeting@^0.44.1", "@material/feature-targeting@^3.1.0":
  version "3.1.0"
  resolved "https://registry.yarnpkg.com/@material/feature-targeting/-/feature-targeting-3.1.0.tgz#a6f6cacd1e0c9b60dc82f2f3bb2de8cfd472252b"
  integrity sha512-aXAa1Pv6w32URacE9LfMsl9zI6hFwx1K0Lp3Xpyf4rAkmaAB6z0gOkhicOrVFc0f64YheJgHjE7hJFieVenQdw==

"@material/floating-label@^3.2.0":
  version "3.2.0"
  resolved "https://registry.yarnpkg.com/@material/floating-label/-/floating-label-3.2.0.tgz#6de47528d1534b7d87f42286ed952fe63153c4d9"
  integrity sha512-szzsSou+xXj3E6InEuOCr8E28IE5EdcBfKRaHoR5EBkzgcRxLuZkFSqD19zsUgVErdTCcRSbeU9mYa6cP8+Nzw==
  dependencies:
    "@material/animation" "^3.1.0"
    "@material/base" "^3.1.0"
    "@material/rtl" "^3.2.0"
    "@material/theme" "^3.1.0"
    "@material/typography" "^3.1.0"
    tslib "^1.9.3"

"@material/form-field@^1.0.0":
  version "1.1.0"
  resolved "https://registry.yarnpkg.com/@material/form-field/-/form-field-1.1.0.tgz#4def529d10c416840bdfe5988a320b8c491e7cc1"
  integrity sha512-/m382G90rctenVAbPwTzAVtQGm9Bjnnvde03WPijFE6kirczi6pJWns+cFtN///e5nUc5fhBwNdpEnJmoUYvQg==
  dependencies:
    "@material/base" "^1.0.0"
    "@material/feature-targeting" "^0.44.1"
    "@material/ripple" "^1.1.0"
    "@material/rtl" "^0.42.0"
    "@material/theme" "^1.1.0"
    "@material/typography" "^1.0.0"
    tslib "^1.9.3"

"@material/line-ripple@^3.1.0":
  version "3.1.0"
  resolved "https://registry.yarnpkg.com/@material/line-ripple/-/line-ripple-3.1.0.tgz#63a4f41f2a2a5df01c2e229a76fc2b0735cd62c0"
  integrity sha512-o6E6wrDqoOK4esCnM1MQ9t7DC/JQrzSrwYsYdqtOpGnr3G5Jx7WWVt6GEVh2eNXy8OnVYkJdQbMjyPVEVJb/Dg==
  dependencies:
    "@material/animation" "^3.1.0"
    "@material/base" "^3.1.0"
    "@material/theme" "^3.1.0"
    tslib "^1.9.3"

"@material/mwc-base@0.7.0", "@material/mwc-base@^0.6.0", "@material/mwc-base@^0.7.0":
  version "0.7.0"
  resolved "https://registry.yarnpkg.com/@material/mwc-base/-/mwc-base-0.7.0.tgz#c7469a469226baa60a209607714eb8770e5fc50f"
  integrity sha512-dOOWWOF4KQ0GEX5E3ZuUH1NNR5DGH8lc7zi3DDgjzbTFLB51q9h4xgEhPgi6wOBM3KZdfvs57+R8m4yuxZqgag==
  dependencies:
    "@material/base" "^3.0.0"
    "@material/dom" "^3.1.0"
    lit-element "^2.2.1"
    lit-html "^1.0.0"

"@material/mwc-formfield@^0.6.0":
  version "0.6.0"
  resolved "https://registry.yarnpkg.com/@material/mwc-formfield/-/mwc-formfield-0.6.0.tgz#8c22b36b730f40cad8d2d917e1b2de65e6d03273"
  integrity sha512-J5En/wloc8naR6ZkWvDjZkX4NC1skjqr0dAm9vH39UMcndioGkEX1GrvnUwWOAmeThwRBqxkfiqIdZUWjn3S0g==
  dependencies:
    "@material/form-field" "^1.0.0"
    "@material/mwc-base" "^0.6.0"

"@material/mwc-icon@^0.6.0":
  version "0.6.0"
  resolved "https://registry.yarnpkg.com/@material/mwc-icon/-/mwc-icon-0.6.0.tgz#67a71d95aa9a6d2379c5896673c2d0f1f2666e4e"
  integrity sha512-Pm4nalbSfsgMz0K8dRaE2tBsyiCozrlgh9iEtBvRdYV6IzPJacXjqsf8+2faW3lfmh4PRLQzVJ7Fldm+ljxzBA==
  dependencies:
    "@material/mwc-base" "^0.6.0"

"@material/mwc-ripple@^0.7.1":
  version "0.7.1"
  resolved "https://registry.yarnpkg.com/@material/mwc-ripple/-/mwc-ripple-0.7.1.tgz#5e8834d29f47530db70630c86ed5688beba4e0d4"
  integrity sha512-kp/SMcYgcO4Rp6t6QqHmdHokIjQtGo1wRzUWE+tZJ1tLzbGTaMM3NGyBD2HozGeJpr9ci+qSle/bZJ4TJ3FOLg==
  dependencies:
    "@material/dom" "^3.1.0"
    "@material/mwc-base" "^0.7.0"
    "@material/ripple" "^3.0.0"
    lit-html "^1.0.0"

"@material/notched-outline@^3.2.0":
  version "3.2.0"
  resolved "https://registry.yarnpkg.com/@material/notched-outline/-/notched-outline-3.2.0.tgz#3b7e79e6282e747a18e97b0d0c79f06eab924aa0"
  integrity sha512-IFuxVoQqlOy/WSSawI2Fglh/U1hS0QtVUiGsc8GUoVUd1pifn7RXidHP3vQrMDEo8M/RwA9p6uveQKjPwW41RA==
  dependencies:
    "@material/animation" "^3.1.0"
    "@material/base" "^3.1.0"
    "@material/floating-label" "^3.2.0"
    "@material/rtl" "^3.2.0"
    "@material/shape" "^3.1.0"
    "@material/theme" "^3.1.0"
    tslib "^1.9.3"

"@material/ripple@3.2.0", "@material/ripple@^1.1.0", "@material/ripple@^3.0.0", "@material/ripple@^3.2.0":
  version "3.2.0"
  resolved "https://registry.yarnpkg.com/@material/ripple/-/ripple-3.2.0.tgz#f4b714834b73b793b280024d4ebcca01018df3bd"
  integrity sha512-GtwkfNakALmfGLs6TpdFIVeAWjRqbyT7WfEw9aU7elUokABfHES+O0KoSKQSMQiSQ8Vjl90MONzNsN1Evi/1YQ==
  dependencies:
    "@material/animation" "^3.1.0"
    "@material/base" "^3.1.0"
    "@material/dom" "^3.1.0"
    "@material/feature-targeting" "^3.1.0"
    "@material/theme" "^3.1.0"
    tslib "^1.9.3"

"@material/rtl@3.2.0", "@material/rtl@^0.42.0", "@material/rtl@^3.2.0":
  version "3.2.0"
  resolved "https://registry.yarnpkg.com/@material/rtl/-/rtl-3.2.0.tgz#0b2f7321463100674dfbf4507b54ccd052f05378"
  integrity sha512-L/w9m9Yx1ceOw/VjEfeJoqD4rW9QP3IBb9MamXAg3qUi/zsztoXD/FUw179pxkLn4huFFNlVYZ4Y1y6BpM0PMA==

"@material/shape@^3.1.0":
  version "3.1.0"
  resolved "https://registry.yarnpkg.com/@material/shape/-/shape-3.1.0.tgz#7ccac6606d0ae45b779b3e52b8921c09c2b2f429"
  integrity sha512-Oyvs7YjHfByA0e9IVVp7ojAlPwgSu3Bl0cioiE0OdkidkAaNu0izM2ryRzMBDH5o8+lRD0kpZoT+9CVVCdaYIg==
  dependencies:
    "@material/feature-targeting" "^3.1.0"

"@material/textfield@^3.1.0":
  version "3.2.0"
  resolved "https://registry.yarnpkg.com/@material/textfield/-/textfield-3.2.0.tgz#c4272601f9a57f26fd7fce8b3089a5d5d6595ad1"
  integrity sha512-xPWDkTzurMOxvH0+DsenzboF7dFoUeLcbqX/9vyhWe3aPlO6ZWFNn3lAmYN24ElqR5FEr5zXNYfeIQ4JLT5mYw==
  dependencies:
    "@material/animation" "^3.1.0"
    "@material/base" "^3.1.0"
    "@material/dom" "^3.1.0"
    "@material/floating-label" "^3.2.0"
    "@material/line-ripple" "^3.1.0"
    "@material/notched-outline" "^3.2.0"
    "@material/ripple" "^3.2.0"
    "@material/rtl" "^3.2.0"
    "@material/shape" "^3.1.0"
    "@material/theme" "^3.1.0"
    "@material/typography" "^3.1.0"
    tslib "^1.9.3"

"@material/theme@3.1.0", "@material/theme@^1.1.0", "@material/theme@^3.1.0":
  version "3.1.0"
  resolved "https://registry.yarnpkg.com/@material/theme/-/theme-3.1.0.tgz#d31147bbc9e20bdaa3e322c9e898e4fc98807d8c"
  integrity sha512-N4JX+akOwg1faAvFvIEhDcwW4cZfUpwEn8lct6Vs3WczjLF6/KdIoLVaYh+eVl1bzfsoIuWvx56j0B1PjXZw9g==
  dependencies:
    "@material/feature-targeting" "^3.1.0"

"@material/typography@3.1.0", "@material/typography@^1.0.0", "@material/typography@^3.1.0":
  version "3.1.0"
  resolved "https://registry.yarnpkg.com/@material/typography/-/typography-3.1.0.tgz#5a3aee31f49f6b8c87ebc91b77c5b896b280c492"
  integrity sha512-aSNBQvVxIH1kORSYdLGuSTivx6oJ1MSOSTUAsUwhXPQLQlvbdFeZaqUp7xgn+EvRsHGRFhWk5YGuiBds9+7zQg==
  dependencies:
    "@material/feature-targeting" "^3.1.0"

"@polymer/font-roboto@^3.0.2":
  version "3.0.2"
  resolved "https://registry.yarnpkg.com/@polymer/font-roboto/-/font-roboto-3.0.2.tgz#80cdaa7225db2359130dfb2c6d9a3be1820020c3"
  integrity sha512-tx5TauYSmzsIvmSqepUPDYbs4/Ejz2XbZ1IkD7JEGqkdNUJlh+9KU85G56Tfdk/xjEZ8zorFfN09OSwiMrIQWA==

bowser@^2.8.1:
  version "2.8.1"
  resolved "https://registry.yarnpkg.com/bowser/-/bowser-2.8.1.tgz#35b74165e17b80ba8af6aa4736c2861b001fc09e"
  integrity sha512-FxxltGKqMHkVa3KtpA+kdnxH0caHPDewccyrK3vW1bsMw6Zco4vRPmMunowX0pXlDZqhxkKSpToADQI2Sk4OeQ==

lit-element@^2.0.1, lit-element@^2.1.0, lit-element@^2.2.0, lit-element@^2.2.1:
  version "2.2.1"
  resolved "https://registry.yarnpkg.com/lit-element/-/lit-element-2.2.1.tgz#79c94d8cfdc2d73b245656e37991bd1e4811d96f"
  integrity sha512-ipDcgQ1EpW6Va2Z6dWm79jYdimVepO5GL0eYkZrFvdr0OD/1N260Q9DH+K5HXHFrRoC7dOg+ZpED2XE0TgGdXw==
  dependencies:
    lit-html "^1.0.0"

lit-html@^1.0.0:
  version "1.1.2"
  resolved "https://registry.yarnpkg.com/lit-html/-/lit-html-1.1.2.tgz#2e3560a7075210243649c888ad738eaf0daa8374"
  integrity sha512-FFlUMKHKi+qG1x1iHNZ1hrtc/zHmfYTyrSvs3/wBTvaNtpZjOZGWzU7efGYVpgp6KvWeKF6ql9/KsCq6Z/mEDA==

tslib@^1.9.3:
  version "1.10.0"
  resolved "https://registry.yarnpkg.com/tslib/-/tslib-1.10.0.tgz#c3c19f95973fb0a62973fb09d90d961ee43e5c8a"
  integrity sha512-qOebF53frne81cf0S9B41ByenJ3/IuH8yJKngAX35CmiZySA0khhkovshKK+jGCaMnVomla7gVlIcc3EvKPbTQ==
